// !$*UTF8*$!
{
	archiveVersion = 1;
	classes = {
	};
	objectVersion = 46;
	objects = {

/* Begin PBXBuildFile section */
		38C235C41CB6A8F3001E7C8D /* main.cpp in Sources */ = {isa = PBXBuildFile; fileRef = 38C235C31CB6A8F3001E7C8D /* main.cpp */; };
/* End PBXBuildFile section */

/* Begin PBXCopyFilesBuildPhase section */
		38C235BE1CB6A8F3001E7C8D /* CopyFiles */ = {
			isa = PBXCopyFilesBuildPhase;
			buildActionMask = 2147483647;
			dstPath = /usr/share/man/man1/;
			dstSubfolderSpec = 0;
			files = (
			);
			runOnlyForDeploymentPostprocessing = 1;
		};
/* End PBXCopyFilesBuildPhase section */

/* Begin PBXFileReference section */
		38C235C01CB6A8F3001E7C8D /* pa3 */ = {isa = PBXFileReference; explicitFileType = "compiled.mach-o.executable"; includeInIndex = 0; path = pa3; sourceTree = BUILT_PRODUCTS_DIR; };
		38C235C31CB6A8F3001E7C8D /* main.cpp */ = {isa = PBXFileReference; lastKnownFileType = sourcecode.cpp.cpp; path = main.cpp; sourceTree = "<group>"; };
/* End PBXFileReference section */

/* Begin PBXFrameworksBuildPhase section */
		38C235BD1CB6A8F3001E7C8D /* Frameworks */ = {
			isa = PBXFrameworksBuildPhase;
			buildActionMask = 2147483647;
			files = (
			);
			runOnlyForDeploymentPostprocessing = 0;
		};
/* End PBXFrameworksBuildPhase section */

/* Begin PBXGroup section */
		38C235B71CB6A8F3001E7C8D = {
			isa = PBXGroup;
			children = (
				38C235C21CB6A8F3001E7C8D /* pa3 */,
				38C235C11CB6A8F3001E7C8D /* Products */,
			);
			sourceTree = "<group>";
		};
		38C235C11CB6A8F3001E7C8D /* Products */ = {
			isa = PBXGroup;
			children = (
				38C235C01CB6A8F3001E7C8D /* pa3 */,
			);
			name = Products;
			sourceTree = "<group>";
		};
		38C235C21CB6A8F3001E7C8D /* pa3 */ = {
			isa = PBXGroup;
			children = (
				38C235C31CB6A8F3001E7C8D /* main.cpp */,
			);
			path = pa3;
			sourceTree = "<group>";
		};
/* End PBXGroup section */

/* Begin PBXNativeTarget section */
		38C235BF1CB6A8F3001E7C8D /* pa3 */ = {
			isa = PBXNativeTarget;
			buildConfigurationList = 38C235C71CB6A8F3001E7C8D /* Build configuration list for PBXNativeTarget "pa3" */;
			buildPhases = (
				38C235BC1CB6A8F3001E7C8D /* Sources */,
				38C235BD1CB6A8F3001E7C8D /* Frameworks */,
				38C235BE1CB6A8F3001E7C8D /* CopyFiles */,
			);
			buildRules = (
			);
			dependencies = (
			);
			name = pa3;
			productName = pa3;
			productReference = 38C235C01CB6A8F3001E7C8D /* pa3 */;
			productType = "com.apple.product-type.tool";
		};
/* End PBXNativeTarget section */

/* Begin PBXProject section */
		38C235B81CB6A8F3001E7C8D /* Project object */ = {
			isa = PBXProject;
			attributes = {
				LastUpgradeCheck = 0730;
				ORGANIZATIONNAME = "Alexandra Munoz";
				TargetAttributes = {
					38C235BF1CB6A8F3001E7C8D = {
						CreatedOnToolsVersion = 7.3;
					};
				};
			};
			buildConfigurationList = 38C235BB1CB6A8F3001E7C8D /* Build configuration list for PBXProject "pa3" */;
			compatibilityVersion = "Xcode 3.2";
			developmentRegion = English;
			hasScannedForEncodings = 0;
			knownRegions = (
				en,
			);
			mainGroup = 38C235B71CB6A8F3001E7C8D;
			productRefGroup = 38C235C11CB6A8F3001E7C8D /* Products */;
			projectDirPath = "";
			projectRoot = "";
			targets = (
				38C235BF1CB6A8F3001E7C8D /* pa3 */,
			);
		};
/* End PBXProject section */

/* Begin PBXSourcesBuildPhase section */
		38C235BC1CB6A8F3001E7C8D /* Sources */ = {
			isa = PBXSourcesBuildPhase;
			buildActionMask = 2147483647;
			files = (
				38C235C41CB6A8F3001E7C8D /* main.cpp in Sources */,
			);
			runOnlyForDeploymentPostprocessing = 0;
		};
/* End PBXSourcesBuildPhase section */

/* Begin XCBuildConfiguration section */
		38C235C51CB6A8F3001E7C8D /* Debug */ = {
			isa = XCBuildConfiguration;
			buildSettings = {
				ALWAYS_SEARCH_USER_PATHS = NO;
				CLANG_ANALYZER_NONNULL = YES;
				CLANG_CXX_LANGUAGE_STANDARD = "gnu++0x";
				CLANG_CXX_LIBRARY = "libc++";
				CLANG_ENABLE_MODULES = YES;
				CLANG_ENABLE_OBJC_ARC = YES;
				CLANG_WARN_BOOL_CONVERSION = YES;
				CLANG_WARN_CONSTANT_CONVERSION = YES;
				CLANG_WARN_DIRECT_OBJC_ISA_USAGE = YES_ERROR;
				CLANG_WARN_EMPTY_BODY = YES;
				CLANG_WARN_ENUM_CONVERSION = YES;
				CLANG_WARN_INT_CONVERSION = YES;
				CLANG_WARN_OBJC_ROOT_CLASS = YES_ERROR;
				CLANG_WARN_UNREACHABLE_CODE = YES;
				CLANG_WARN__DUPLICATE_METHOD_MATCH = YES;
				CODE_SIGN_IDENTITY = "-";
				COPY_PHASE_STRIP = NO;
				DEBUG_INFORMATION_FORMAT = dwarf;
				ENABLE_STRICT_OBJC_MSGSEND = YES;
				ENABLE_TESTABILITY = YES;
				GCC_C_LANGUAGE_STANDARD = gnu99;
				GCC_DYNAMIC_NO_PIC = NO;
				GCC_NO_COMMON_BLOCKS = YES;
				GCC_OPTIMIZATION_LEVEL = 0;
				GCC_PREPROCESSOR_DEFINITIONS = (
					"DEBUG=1",
					"$(inherited)",
				);
				GCC_WARN_64_TO_32_BIT_CONVERSION = YES;
				GCC_WARN_ABOUT_RETURN_TYPE = YES_ERROR;
				GCC_WARN_UNDECLARED_SELECTOR = YES;
				GCC_WARN_UNINITIALIZED_AUTOS = YES_AGGRESSIVE;
				GCC_WARN_UNUSED_FUNCTION = YES;
				GCC_WARN_UNUSED_VARIABLE = YES;
				MACOSX_DEPLOYMENT_TARGET = 10.11;
				MTL_ENABLE_DEBUG_INFO = YES;
				ONLY_ACTIVE_ARCH = YES;
				SDKROOT = macosx;
			};
			name = Debug;
		};
		38C235C61CB6A8F3001E7C8D /* Release */ = {
			isa = XCBuildConfiguration;
			buildSettings = {
				ALWAYS_SEARCH_USER_PATHS = NO;
				CLANG_ANALYZER_NONNULL = YES;
				CLANG_CXX_LANGUAGE_STANDARD = "gnu++0x";
				CLANG_CXX_LIBRARY = "libc++";
				CLANG_ENABLE_MODULES = YES;
				CLANG_ENABLE_OBJC_ARC = YES;
				CLANG_WARN_BOOL_CONVERSION = YES;
				CLANG_WARN_CONSTANT_CONVERSION = YES;
				CLANG_WARN_DIRECT_OBJC_ISA_USAGE = YES_ERROR;
				CLANG_WARN_EMPTY_BODY = YES;
				CLANG_WARN_ENUM_CONVERSION = YES;
				CLANG_WARN_INT_CONVERSION = YES;
				CLANG_WARN_OBJC_ROOT_CLASS = YES_ERROR;
				CLANG_WARN_UNREACHABLE_CODE = YES;
				CLANG_WARN__DUPLICATE_METHOD_MATCH = YES;
				CODE_SIGN_IDENTITY = "-";
				COPY_PHASE_STRIP = NO;
				DEBUG_INFORMATION_FORMAT = "dwarf-with-dsym";
				ENABLE_NS_ASSERTIONS = NO;
				ENABLE_STRICT_OBJC_MSGSEND = YES;
				GCC_C_LANGUAGE_STANDARD = gnu99;
				GCC_NO_COMMON_BLOCKS = YES;
				GCC_WARN_64_TO_32_BIT_CONVERSION = YES;
				GCC_WARN_ABOUT_RETURN_TYPE = YES_ERROR;
				GCC_WARN_UNDECLARED_SELECTOR = YES;
				GCC_WARN_UNINITIALIZED_AUTOS = YES_AGGRESSIVE;
				GCC_WARN_UNUSED_FUNCTION = YES;
				GCC_WARN_UNUSED_VARIABLE = YES;
				MACOSX_DEPLOYMENT_TARGET = 10.11;
				MTL_ENABLE_DEBUG_INFO = NO;
				SDKROOT = macosx;
			};
			name = Release;
		};
		38C235C81CB6A8F3001E7C8D /* Debug */ = {
			isa = XCBuildConfiguration;
			buildSettings = {
				PRODUCT_NAME = "$(TARGET_NAME)";
			};
			name = Debug;
		};
		38C235C91CB6A8F3001E7C8D /* Release */ = {
			isa = XCBuildConfiguration;
			buildSettings = {
				PRODUCT_NAME = "$(TARGET_NAME)";
			};
			name = Release;
		};
/* End XCBuildConfiguration section */

/* Begin XCConfigurationList section */
		38C235BB1CB6A8F3001E7C8D /* Build configuration list for PBXProject "pa3" */ = {
			isa = XCConfigurationList;
			buildConfigurations = (
				38C235C51CB6A8F3001E7C8D /* Debug */,
				38C235C61CB6A8F3001E7C8D /* Release */,
			);
			defaultConfigurationIsVisible = 0;
			defaultConfigurationName = Release;
		};
		38C235C71CB6A8F3001E7C8D /* Build configuration list for PBXNativeTarget "pa3" */ = {
			isa = XCConfigurationList;
			buildConfigurations = (
				38C235C81CB6A8F3001E7C8D /* Debug */,
				38C235C91CB6A8F3001E7C8D /* Release */,
			);
			defaultConfigurationIsVisible = 0;
		};
/* End XCConfigurationList section */
	};
	rootObject = 38C235B81CB6A8F3001E7C8D /* Project object */;
}
